// !$*UTF8*$!
{
	archiveVersion = 1;
	classes = {
	};
	objectVersion = 46;
	objects = {

/* Begin PBXBuildFile section */
		9DBB1FAE1D995A13006D9911 /* main.m in Sources */ = {isa = PBXBuildFile; fileRef = 9DBB1FAD1D995A13006D9911 /* main.m */; };
		9DBB1FB11D995A13006D9911 /* AppDelegate.m in Sources */ = {isa = PBXBuildFile; fileRef = 9DBB1FB01D995A13006D9911 /* AppDelegate.m */; };
		9DBB1FB41D995A13006D9911 /* ViewController.m in Sources */ = {isa = PBXBuildFile; fileRef = 9DBB1FB31D995A13006D9911 /* ViewController.m */; };
		9DBB1FB71D995A13006D9911 /* Main.storyboard in Resources */ = {isa = PBXBuildFile; fileRef = 9DBB1FB51D995A13006D9911 /* Main.storyboard */; };
		9DBB1FB91D995A13006D9911 /* Assets.xcassets in Resources */ = {isa = PBXBuildFile; fileRef = 9DBB1FB81D995A13006D9911 /* Assets.xcassets */; };
		9DBB1FBC1D995A13006D9911 /* LaunchScreen.storyboard in Resources */ = {isa = PBXBuildFile; fileRef = 9DBB1FBA1D995A13006D9911 /* LaunchScreen.storyboard */; };
		9DBB1FC71D995A13006D9911 /* DemoForMethodSwizzlingUITests.m in Sources */ = {isa = PBXBuildFile; fileRef = 9DBB1FC61D995A13006D9911 /* DemoForMethodSwizzlingUITests.m */; };
		9DBB1FD31D995A68006D9911 /* UIViewController+Tracking.m in Sources */ = {isa = PBXBuildFile; fileRef = 9DBB1FD21D995A68006D9911 /* UIViewController+Tracking.m */; };
		9DBB1FD61D996461006D9911 /* TestModel.m in Sources */ = {isa = PBXBuildFile; fileRef = 9DBB1FD51D996461006D9911 /* TestModel.m */; };
		9DBB1FDC1D9964D4006D9911 /* TestModel+Swizzling.m in Sources */ = {isa = PBXBuildFile; fileRef = 9DBB1FDB1D9964D4006D9911 /* TestModel+Swizzling.m */; };
/* End PBXBuildFile section */

/* Begin PBXContainerItemProxy section */
		9DBB1FC31D995A13006D9911 /* PBXContainerItemProxy */ = {
			isa = PBXContainerItemProxy;
			containerPortal = 9DBB1FA11D995A13006D9911 /* Project object */;
			proxyType = 1;
			remoteGlobalIDString = 9DBB1FA81D995A13006D9911;
			remoteInfo = DemoForMethodSwizzling;
		};
/* End PBXContainerItemProxy section */

/* Begin PBXFileReference section */
		9DBB1FA91D995A13006D9911 /* DemoForMethodSwizzling.app */ = {isa = PBXFileReference; explicitFileType = wrapper.application; includeInIndex = 0; path = DemoForMethodSwizzling.app; sourceTree = BUILT_PRODUCTS_DIR; };
		9DBB1FAD1D995A13006D9911 /* main.m */ = {isa = PBXFileReference; lastKnownFileType = sourcecode.c.objc; path = main.m; sourceTree = "<group>"; };
		9DBB1FAF1D995A13006D9911 /* AppDelegate.h */ = {isa = PBXFileReference; lastKnownFileType = sourcecode.c.h; path = AppDelegate.h; sourceTree = "<group>"; };
		9DBB1FB01D995A13006D9911 /* AppDelegate.m */ = {isa = PBXFileReference; lastKnownFileType = sourcecode.c.objc; path = AppDelegate.m; sourceTree = "<group>"; };
		9DBB1FB21D995A13006D9911 /* ViewController.h */ = {isa = PBXFileReference; lastKnownFileType = sourcecode.c.h; path = ViewController.h; sourceTree = "<group>"; };
		9DBB1FB31D995A13006D9911 /* ViewController.m */ = {isa = PBXFileReference; lastKnownFileType = sourcecode.c.objc; path = ViewController.m; sourceTree = "<group>"; };
		9DBB1FB61D995A13006D9911 /* Base */ = {isa = PBXFileReference; lastKnownFileType = file.storyboard; name = Base; path = Base.lproj/Main.storyboard; sourceTree = "<group>"; };
		9DBB1FB81D995A13006D9911 /* Assets.xcassets */ = {isa = PBXFileReference; lastKnownFileType = folder.assetcatalog; path = Assets.xcassets; sourceTree = "<group>"; };
		9DBB1FBB1D995A13006D9911 /* Base */ = {isa = PBXFileReference; lastKnownFileType = file.storyboard; name = Base; path = Base.lproj/LaunchScreen.storyboard; sourceTree = "<group>"; };
		9DBB1FBD1D995A13006D9911 /* Info.plist */ = {isa = PBXFileReference; lastKnownFileType = text.plist.xml; path = Info.plist; sourceTree = "<group>"; };
		9DBB1FC21D995A13006D9911 /* DemoForMethodSwizzlingUITests.xctest */ = {isa = PBXFileReference; explicitFileType = wrapper.cfbundle; includeInIndex = 0; path = DemoForMethodSwizzlingUITests.xctest; sourceTree = BUILT_PRODUCTS_DIR; };
		9DBB1FC61D995A13006D9911 /* DemoForMethodSwizzlingUITests.m */ = {isa = PBXFileReference; lastKnownFileType = sourcecode.c.objc; path = DemoForMethodSwizzlingUITests.m; sourceTree = "<group>"; };
		9DBB1FC81D995A13006D9911 /* Info.plist */ = {isa = PBXFileReference; lastKnownFileType = text.plist.xml; path = Info.plist; sourceTree = "<group>"; };
		9DBB1FD11D995A68006D9911 /* UIViewController+Tracking.h */ = {isa = PBXFileReference; fileEncoding = 4; lastKnownFileType = sourcecode.c.h; path = "UIViewController+Tracking.h"; sourceTree = "<group>"; };
		9DBB1FD21D995A68006D9911 /* UIViewController+Tracking.m */ = {isa = PBXFileReference; fileEncoding = 4; lastKnownFileType = sourcecode.c.objc; path = "UIViewController+Tracking.m"; sourceTree = "<group>"; };
		9DBB1FD41D996461006D9911 /* TestModel.h */ = {isa = PBXFileReference; fileEncoding = 4; lastKnownFileType = sourcecode.c.h; path = TestModel.h; sourceTree = "<group>"; };
		9DBB1FD51D996461006D9911 /* TestModel.m */ = {isa = PBXFileReference; fileEncoding = 4; lastKnownFileType = sourcecode.c.objc; path = TestModel.m; sourceTree = "<group>"; };
		9DBB1FDA1D9964D4006D9911 /* TestModel+Swizzling.h */ = {isa = PBXFileReference; fileEncoding = 4; lastKnownFileType = sourcecode.c.h; path = "TestModel+Swizzling.h"; sourceTree = "<group>"; };
		9DBB1FDB1D9964D4006D9911 /* TestModel+Swizzling.m */ = {isa = PBXFileReference; fileEncoding = 4; lastKnownFileType = sourcecode.c.objc; path = "TestModel+Swizzling.m"; sourceTree = "<group>"; };
/* End PBXFileReference section */

/* Begin PBXFrameworksBuildPhase section */
		9DBB1FA61D995A13006D9911 /* Frameworks */ = {
			isa = PBXFrameworksBuildPhase;
			buildActionMask = 2147483647;
			files = (
			);
			runOnlyForDeploymentPostprocessing = 0;
		};
		9DBB1FBF1D995A13006D9911 /* Frameworks */ = {
			isa = PBXFrameworksBuildPhase;
			buildActionMask = 2147483647;
			files = (
			);
			runOnlyForDeploymentPostprocessing = 0;
		};
/* End PBXFrameworksBuildPhase section */

/* Begin PBXGroup section */
		9DBB1FA01D995A13006D9911 = {
			isa = PBXGroup;
			children = (
				9DBB1FAB1D995A13006D9911 /* DemoForMethodSwizzling */,
				9DBB1FC51D995A13006D9911 /* DemoForMethodSwizzlingUITests */,
				9DBB1FAA1D995A13006D9911 /* Products */,
			);
			sourceTree = "<group>";
		};
		9DBB1FAA1D995A13006D9911 /* Products */ = {
			isa = PBXGroup;
			children = (
				9DBB1FA91D995A13006D9911 /* DemoForMethodSwizzling.app */,
				9DBB1FC21D995A13006D9911 /* DemoForMethodSwizzlingUITests.xctest */,
			);
			name = Products;
			sourceTree = "<group>";
		};
		9DBB1FAB1D995A13006D9911 /* DemoForMethodSwizzling */ = {
			isa = PBXGroup;
			children = (
				9DBB1FAF1D995A13006D9911 /* AppDelegate.h */,
				9DBB1FB01D995A13006D9911 /* AppDelegate.m */,
				9DBB1FB21D995A13006D9911 /* ViewController.h */,
				9DBB1FB31D995A13006D9911 /* ViewController.m */,
				9DBB1FD41D996461006D9911 /* TestModel.h */,
				9DBB1FD51D996461006D9911 /* TestModel.m */,
				9DBB1FDA1D9964D4006D9911 /* TestModel+Swizzling.h */,
				9DBB1FDB1D9964D4006D9911 /* TestModel+Swizzling.m */,
				9DBB1FD11D995A68006D9911 /* UIViewController+Tracking.h */,
				9DBB1FD21D995A68006D9911 /* UIViewController+Tracking.m */,
				9DBB1FB51D995A13006D9911 /* Main.storyboard */,
				9DBB1FB81D995A13006D9911 /* Assets.xcassets */,
				9DBB1FBA1D995A13006D9911 /* LaunchScreen.storyboard */,
				9DBB1FBD1D995A13006D9911 /* Info.plist */,
				9DBB1FAC1D995A13006D9911 /* Supporting Files */,
			);
			path = DemoForMethodSwizzling;
			sourceTree = "<group>";
		};
		9DBB1FAC1D995A13006D9911 /* Supporting Files */ = {
			isa = PBXGroup;
			children = (
				9DBB1FAD1D995A13006D9911 /* main.m */,
			);
			name = "Supporting Files";
			sourceTree = "<group>";
		};
		9DBB1FC51D995A13006D9911 /* DemoForMethodSwizzlingUITests */ = {
			isa = PBXGroup;
			children = (
				9DBB1FC61D995A13006D9911 /* DemoForMethodSwizzlingUITests.m */,
				9DBB1FC81D995A13006D9911 /* Info.plist */,
			);
			path = DemoForMethodSwizzlingUITests;
			sourceTree = "<group>";
		};
/* End PBXGroup section */

/* Begin PBXNativeTarget section */
		9DBB1FA81D995A13006D9911 /* DemoForMethodSwizzling */ = {
			isa = PBXNativeTarget;
			buildConfigurationList = 9DBB1FCB1D995A13006D9911 /* Build configuration list for PBXNativeTarget "DemoForMethodSwizzling" */;
			buildPhases = (
				9DBB1FA51D995A13006D9911 /* Sources */,
				9DBB1FA61D995A13006D9911 /* Frameworks */,
				9DBB1FA71D995A13006D9911 /* Resources */,
			);
			buildRules = (
			);
			dependencies = (
			);
			name = DemoForMethodSwizzling;
			productName = DemoForMethodSwizzling;
			productReference = 9DBB1FA91D995A13006D9911 /* DemoForMethodSwizzling.app */;
			productType = "com.apple.product-type.application";
		};
		9DBB1FC11D995A13006D9911 /* DemoForMethodSwizzlingUITests */ = {
			isa = PBXNativeTarget;
			buildConfigurationList = 9DBB1FCE1D995A13006D9911 /* Build configuration list for PBXNativeTarget "DemoForMethodSwizzlingUITests" */;
			buildPhases = (
				9DBB1FBE1D995A13006D9911 /* Sources */,
				9DBB1FBF1D995A13006D9911 /* Frameworks */,
				9DBB1FC01D995A13006D9911 /* Resources */,
			);
			buildRules = (
			);
			dependencies = (
				9DBB1FC41D995A13006D9911 /* PBXTargetDependency */,
			);
			name = DemoForMethodSwizzlingUITests;
			productName = DemoForMethodSwizzlingUITests;
			productReference = 9DBB1FC21D995A13006D9911 /* DemoForMethodSwizzlingUITests.xctest */;
			productType = "com.apple.product-type.bundle.ui-testing";
		};
/* End PBXNativeTarget section */

/* Begin PBXProject section */
		9DBB1FA11D995A13006D9911 /* Project object */ = {
			isa = PBXProject;
			attributes = {
				LastUpgradeCheck = 0800;
				ORGANIZATIONNAME = kaolafm;
				TargetAttributes = {
					9DBB1FA81D995A13006D9911 = {
						CreatedOnToolsVersion = 8.0;
						ProvisioningStyle = Automatic;
					};
					9DBB1FC11D995A13006D9911 = {
						CreatedOnToolsVersion = 8.0;
						ProvisioningStyle = Automatic;
						TestTargetID = 9DBB1FA81D995A13006D9911;
					};
				};
			};
			buildConfigurationList = 9DBB1FA41D995A13006D9911 /* Build configuration list for PBXProject "DemoForMethodSwizzling" */;
			compatibilityVersion = "Xcode 3.2";
			developmentRegion = English;
			hasScannedForEncodings = 0;
			knownRegions = (
				en,
				Base,
			);
			mainGroup = 9DBB1FA01D995A13006D9911;
			productRefGroup = 9DBB1FAA1D995A13006D9911 /* Products */;
			projectDirPath = "";
			projectRoot = "";
			targets = (
				9DBB1FA81D995A13006D9911 /* DemoForMethodSwizzling */,
				9DBB1FC11D995A13006D9911 /* DemoForMethodSwizzlingUITests */,
			);
		};
/* End PBXProject section */

/* Begin PBXResourcesBuildPhase section */
		9DBB1FA71D995A13006D9911 /* Resources */ = {
			isa = PBXResourcesBuildPhase;
			buildActionMask = 2147483647;
			files = (
				9DBB1FBC1D995A13006D9911 /* LaunchScreen.storyboard in Resources */,
				9DBB1FB91D995A13006D9911 /* Assets.xcassets in Resources */,
				9DBB1FB71D995A13006D9911 /* Main.storyboard in Resources */,
			);
			runOnlyForDeploymentPostprocessing = 0;
		};
		9DBB1FC01D995A13006D9911 /* Resources */ = {
			isa = PBXResourcesBuildPhase;
			buildActionMask = 2147483647;
			files = (
			);
			runOnlyForDeploymentPostprocessing = 0;
		};
/* End PBXResourcesBuildPhase section */

/* Begin PBXSourcesBuildPhase section */
		9DBB1FA51D995A13006D9911 /* Sources */ = {
			isa = PBXSourcesBuildPhase;
			buildActionMask = 2147483647;
			files = (
				9DBB1FB41D995A13006D9911 /* ViewController.m in Sources */,
				9DBB1FD61D996461006D9911 /* TestModel.m in Sources */,
				9DBB1FD31D995A68006D9911 /* UIViewController+Tracking.m in Sources */,
				9DBB1FB11D995A13006D9911 /* AppDelegate.m in Sources */,
				9DBB1FAE1D995A13006D9911 /* main.m in Sources */,
				9DBB1FDC1D9964D4006D9911 /* TestModel+Swizzling.m in Sources */,
			);
			runOnlyForDeploymentPostprocessing = 0;
		};
		9DBB1FBE1D995A13006D9911 /* Sources */ = {
			isa = PBXSourcesBuildPhase;
			buildActionMask = 2147483647;
			files = (
				9DBB1FC71D995A13006D9911 /* DemoForMethodSwizzlingUITests.m in Sources */,
			);
			runOnlyForDeploymentPostprocessing = 0;
		};
/* End PBXSourcesBuildPhase section */

/* Begin PBXTargetDependency section */
		9DBB1FC41D995A13006D9911 /* PBXTargetDependency */ = {
			isa = PBXTargetDependency;
			target = 9DBB1FA81D995A13006D9911 /* DemoForMethodSwizzling */;
			targetProxy = 9DBB1FC31D995A13006D9911 /* PBXContainerItemProxy */;
		};
/* End PBXTargetDependency section */

/* Begin PBXVariantGroup section */
		9DBB1FB51D995A13006D9911 /* Main.storyboard */ = {
			isa = PBXVariantGroup;
			children = (
				9DBB1FB61D995A13006D9911 /* Base */,
			);
			name = Main.storyboard;
			sourceTree = "<group>";
		};
		9DBB1FBA1D995A13006D9911 /* LaunchScreen.storyboard */ = {
			isa = PBXVariantGroup;
			children = (
				9DBB1FBB1D995A13006D9911 /* Base */,
			);
			name = LaunchScreen.storyboard;
			sourceTree = "<group>";
		};
/* End PBXVariantGroup section */

/* Begin XCBuildConfiguration section */
		9DBB1FC91D995A13006D9911 /* Debug */ = {
			isa = XCBuildConfiguration;
			buildSettings = {
				ALWAYS_SEARCH_USER_PATHS = NO;
				CLANG_ANALYZER_NONNULL = YES;
				CLANG_CXX_LANGUAGE_STANDARD = "gnu++0x";
				CLANG_CXX_LIBRARY = "libc++";
				CLANG_ENABLE_MODULES = YES;
				CLANG_ENABLE_OBJC_ARC = YES;
				CLANG_WARN_BOOL_CONVERSION = YES;
				CLANG_WARN_CONSTANT_CONVERSION = YES;
				CLANG_WARN_DIRECT_OBJC_ISA_USAGE = YES_ERROR;
				CLANG_WARN_DOCUMENTATION_COMMENTS = YES;
				CLANG_WARN_EMPTY_BODY = YES;
				CLANG_WARN_ENUM_CONVERSION = YES;
				CLANG_WARN_INFINITE_RECURSION = YES;
				CLANG_WARN_INT_CONVERSION = YES;
				CLANG_WARN_OBJC_ROOT_CLASS = YES_ERROR;
				CLANG_WARN_SUSPICIOUS_MOVES = YES;
				CLANG_WARN_UNREACHABLE_CODE = YES;
				CLANG_WARN__DUPLICATE_METHOD_MATCH = YES;
				"CODE_SIGN_IDENTITY[sdk=iphoneos*]" = "iPhone Developer";
				COPY_PHASE_STRIP = NO;
				DEBUG_INFORMATION_FORMAT = dwarf;
				ENABLE_STRICT_OBJC_MSGSEND = YES;
				ENABLE_TESTABILITY = YES;
				GCC_C_LANGUAGE_STANDARD = gnu99;
				GCC_DYNAMIC_NO_PIC = NO;
				GCC_NO_COMMON_BLOCKS = YES;
				GCC_OPTIMIZATION_LEVEL = 0;
				GCC_PREPROCESSOR_DEFINITIONS = (
					"DEBUG=1",
					"$(inherited)",
				);
				GCC_WARN_64_TO_32_BIT_CONVERSION = YES;
				GCC_WARN_ABOUT_RETURN_TYPE = YES_ERROR;
				GCC_WARN_UNDECLARED_SELECTOR = YES;
				GCC_WARN_UNINITIALIZED_AUTOS = YES_AGGRESSIVE;
				GCC_WARN_UNUSED_FUNCTION = YES;
				GCC_WARN_UNUSED_VARIABLE = YES;
				IPHONEOS_DEPLOYMENT_TARGET = 10.0;
				MTL_ENABLE_DEBUG_INFO = YES;
				ONLY_ACTIVE_ARCH = YES;
				SDKROOT = iphoneos;
			};
			name = Debug;
		};
		9DBB1FCA1D995A13006D9911 /* Release */ = {
			isa = XCBuildConfiguration;
			buildSettings = {
				ALWAYS_SEARCH_USER_PATHS = NO;
				CLANG_ANALYZER_NONNULL = YES;
				CLANG_CXX_LANGUAGE_STANDARD = "gnu++0x";
				CLANG_CXX_LIBRARY = "libc++";
				CLANG_ENABLE_MODULES = YES;
				CLANG_ENABLE_OBJC_ARC = YES;
				CLANG_WARN_BOOL_CONVERSION = YES;
				CLANG_WARN_CONSTANT_CONVERSION = YES;
				CLANG_WARN_DIRECT_OBJC_ISA_USAGE = YES_ERROR;
				CLANG_WARN_DOCUMENTATION_COMMENTS = YES;
				CLANG_WARN_EMPTY_BODY = YES;
				CLANG_WARN_ENUM_CONVERSION = YES;
				CLANG_WARN_INFINITE_RECURSION = YES;
				CLANG_WARN_INT_CONVERSION = YES;
				CLANG_WARN_OBJC_ROOT_CLASS = YES_ERROR;
				CLANG_WARN_SUSPICIOUS_MOVES = YES;
				CLANG_WARN_UNREACHABLE_CODE = YES;
				CLANG_WARN__DUPLICATE_METHOD_MATCH = YES;
				"CODE_SIGN_IDENTITY[sdk=iphoneos*]" = "iPhone Developer";
				COPY_PHASE_STRIP = NO;
				DEBUG_INFORMATION_FORMAT = "dwarf-with-dsym";
				ENABLE_NS_ASSERTIONS = NO;
				ENABLE_STRICT_OBJC_MSGSEND = YES;
				GCC_C_LANGUAGE_STANDARD = gnu99;
				GCC_NO_COMMON_BLOCKS = YES;
				GCC_WARN_64_TO_32_BIT_CONVERSION = YES;
				GCC_WARN_ABOUT_RETURN_TYPE = YES_ERROR;
				GCC_WARN_UNDECLARED_SELECTOR = YES;
				GCC_WARN_UNINITIALIZED_AUTOS = YES_AGGRESSIVE;
				GCC_WARN_UNUSED_FUNCTION = YES;
				GCC_WARN_UNUSED_VARIABLE = YES;
				IPHONEOS_DEPLOYMENT_TARGET = 10.0;
				MTL_ENABLE_DEBUG_INFO = NO;
				SDKROOT = iphoneos;
				VALIDATE_PRODUCT = YES;
			};
			name = Release;
		};
		9DBB1FCC1D995A13006D9911 /* Debug */ = {
			isa = XCBuildConfiguration;
			buildSettings = {
				ASSETCATALOG_COMPILER_APPICON_NAME = AppIcon;
				INFOPLIST_FILE = DemoForMethodSwizzling/Info.plist;
				LD_RUNPATH_SEARCH_PATHS = "$(inherited) @executable_path/Frameworks";
				PRODUCT_BUNDLE_IDENTIFIER = kaolafm.DemoForMethodSwizzling;
				PRODUCT_NAME = "$(TARGET_NAME)";
			};
			name = Debug;
		};
		9DBB1FCD1D995A13006D9911 /* Release */ = {
			isa = XCBuildConfiguration;
			buildSettings = {
				ASSETCATALOG_COMPILER_APPICON_NAME = AppIcon;
				INFOPLIST_FILE = DemoForMethodSwizzling/Info.plist;
				LD_RUNPATH_SEARCH_PATHS = "$(inherited) @executable_path/Frameworks";
				PRODUCT_BUNDLE_IDENTIFIER = kaolafm.DemoForMethodSwizzling;
				PRODUCT_NAME = "$(TARGET_NAME)";
			};
			name = Release;
		};
		9DBB1FCF1D995A13006D9911 /* Debug */ = {
			isa = XCBuildConfiguration;
			buildSettings = {
				INFOPLIST_FILE = DemoForMethodSwizzlingUITests/Info.plist;
				LD_RUNPATH_SEARCH_PATHS = "$(inherited) @executable_path/Frameworks @loader_path/Frameworks";
				PRODUCT_BUNDLE_IDENTIFIER = kaolafm.DemoForMethodSwizzlingUITests;
				PRODUCT_NAME = "$(TARGET_NAME)";
				TEST_TARGET_NAME = DemoForMethodSwizzling;
			};
			name = Debug;
		};
		9DBB1FD01D995A13006D9911 /* Release */ = {
			isa = XCBuildConfiguration;
			buildSettings = {
				INFOPLIST_FILE = DemoForMethodSwizzlingUITests/Info.plist;
				LD_RUNPATH_SEARCH_PATHS = "$(inherited) @executable_path/Frameworks @loader_path/Frameworks";
				PRODUCT_BUNDLE_IDENTIFIER = kaolafm.DemoForMethodSwizzlingUITests;
				PRODUCT_NAME = "$(TARGET_NAME)";
				TEST_TARGET_NAME = DemoForMethodSwizzling;
			};
			name = Release;
		};
/* End XCBuildConfiguration section */

/* Begin XCConfigurationList section */
		9DBB1FA41D995A13006D9911 /* Build configuration list for PBXProject "DemoForMethodSwizzling" */ = {
			isa = XCConfigurationList;
			buildConfigurations = (
				9DBB1FC91D995A13006D9911 /* Debug */,
				9DBB1FCA1D995A13006D9911 /* Release */,
			);
			defaultConfigurationIsVisible = 0;
			defaultConfigurationName = Release;
		};
		9DBB1FCB1D995A13006D9911 /* Build configuration list for PBXNativeTarget "DemoForMethodSwizzling" */ = {
			isa = XCConfigurationList;
			buildConfigurations = (
				9DBB1FCC1D995A13006D9911 /* Debug */,
				9DBB1FCD1D995A13006D9911 /* Release */,
			);
			defaultConfigurationIsVisible = 0;
			defaultConfigurationName = Release;
		};
		9DBB1FCE1D995A13006D9911 /* Build configuration list for PBXNativeTarget "DemoForMethodSwizzlingUITests" */ = {
			isa = XCConfigurationList;
			buildConfigurations = (
				9DBB1FCF1D995A13006D9911 /* Debug */,
				9DBB1FD01D995A13006D9911 /* Release */,
			);
			defaultConfigurationIsVisible = 0;
			defaultConfigurationName = Release;
		};
/* End XCConfigurationList section */
	};
	rootObject = 9DBB1FA11D995A13006D9911 /* Project object */;
}
